
Microsoft Visual Studio Solution File, Format Version 12.00
# Visual Studio Version 16
VisualStudioVersion = 16.0.30320.27
MinimumVisualStudioVersion = 10.0.40219.1
Project("{FAE04EC0-301F-11D3-BF4B-00C04F79EFBC}") = "Oxu.az", "Oxu.az\Oxu.az.csproj", "{B97CB4D7-1F35-4942-951F-2243DB0D5A9B}"
EndProject
Global
	GlobalSection(SolutionConfigurationPlatforms) = preSolution
		Debug|Any CPU = Debug|Any CPU
		Release|Any CPU = Release|Any CPU
	EndGlobalSection
	GlobalSection(ProjectConfigurationPlatforms) = postSolution
		{B97CB4D7-1F35-4942-951F-2243DB0D5A9B}.Debug|Any CPU.ActiveCfg = Debug|Any CPU
		{B97CB4D7-1F35-4942-951F-2243DB0D5A9B}.Debug|Any CPU.Build.0 = Debug|Any CPU
		{B97CB4D7-1F35-4942-951F-2243DB0D5A9B}.Release|Any CPU.ActiveCfg = Release|Any CPU
		{B97CB4D7-1F35-4942-951F-2243DB0D5A9B}.Release|Any CPU.Build.0 = Release|Any CPU
	EndGlobalSection
	GlobalSection(SolutionProperties) = preSolution
		HideSolutionNode = FALSE
	EndGlobalSection
	GlobalSection(ExtensibilityGlobals) = postSolution
		SolutionGuid = {6F6F2554-A489-4478-BF2C-B74EF32A096D}
	EndGlobalSection
EndGlobal
